// !$*UTF8*$!
{
	archiveVersion = 1;
	classes = {
	};
	objectVersion = 77;
	objects = {

/* Begin PBXContainerItemProxy section */
		C7587DF52D679A8E00810DA0 /* PBXContainerItemProxy */ = {
			isa = PBXContainerItemProxy;
			containerPortal = C7587DDB2D679A8D00810DA0 /* Project object */;
			proxyType = 1;
			remoteGlobalIDString = C7587DE22D679A8D00810DA0;
			remoteInfo = "Deeproot macOS";
		};
		C7587DFF2D679A8E00810DA0 /* PBXContainerItemProxy */ = {
			isa = PBXContainerItemProxy;
			containerPortal = C7587DDB2D679A8D00810DA0 /* Project object */;
			proxyType = 1;
			remoteGlobalIDString = C7587DE22D679A8D00810DA0;
			remoteInfo = "Deeproot macOS";
		};
/* End PBXContainerItemProxy section */

/* Begin PBXFileReference section */
		C7587DE32D679A8D00810DA0 /* Deeproot macOS.app */ = {isa = PBXFileReference; explicitFileType = wrapper.application; includeInIndex = 0; path = "Deeproot macOS.app"; sourceTree = BUILT_PRODUCTS_DIR; };
		C7587DF42D679A8E00810DA0 /* Deeproot macOSTests.xctest */ = {isa = PBXFileReference; explicitFileType = wrapper.cfbundle; includeInIndex = 0; path = "Deeproot macOSTests.xctest"; sourceTree = BUILT_PRODUCTS_DIR; };
		C7587DFE2D679A8E00810DA0 /* Deeproot macOSUITests.xctest */ = {isa = PBXFileReference; explicitFileType = wrapper.cfbundle; includeInIndex = 0; path = "Deeproot macOSUITests.xctest"; sourceTree = BUILT_PRODUCTS_DIR; };
/* End PBXFileReference section */

/* Begin PBXFileSystemSynchronizedRootGroup section */
		C7587DE52D679A8D00810DA0 /* Deeproot macOS */ = {
			isa = PBXFileSystemSynchronizedRootGroup;
			path = "Deeproot macOS";
			sourceTree = "<group>";
		};
		C7587DF72D679A8E00810DA0 /* Deeproot macOSTests */ = {
			isa = PBXFileSystemSynchronizedRootGroup;
			path = "Deeproot macOSTests";
			sourceTree = "<group>";
		};
		C7587E012D679A8E00810DA0 /* Deeproot macOSUITests */ = {
			isa = PBXFileSystemSynchronizedRootGroup;
			path = "Deeproot macOSUITests";
			sourceTree = "<group>";
		};
/* End PBXFileSystemSynchronizedRootGroup section */

/* Begin PBXFrameworksBuildPhase section */
		C7587DE02D679A8D00810DA0 /* Frameworks */ = {
			isa = PBXFrameworksBuildPhase;
			buildActionMask = 2147483647;
			files = (
			);
			runOnlyForDeploymentPostprocessing = 0;
		};
		C7587DF12D679A8E00810DA0 /* Frameworks */ = {
			isa = PBXFrameworksBuildPhase;
			buildActionMask = 2147483647;
			files = (
			);
			runOnlyForDeploymentPostprocessing = 0;
		};
		C7587DFB2D679A8E00810DA0 /* Frameworks */ = {
			isa = PBXFrameworksBuildPhase;
			buildActionMask = 2147483647;
			files = (
			);
			runOnlyForDeploymentPostprocessing = 0;
		};
/* End PBXFrameworksBuildPhase section */

/* Begin PBXGroup section */
		C7587DDA2D679A8D00810DA0 = {
			isa = PBXGroup;
			children = (
				C7587DE52D679A8D00810DA0 /* Deeproot macOS */,
				C7587DF72D679A8E00810DA0 /* Deeproot macOSTests */,
				C7587E012D679A8E00810DA0 /* Deeproot macOSUITests */,
				C7587DE42D679A8D00810DA0 /* Products */,
			);
			sourceTree = "<group>";
		};
		C7587DE42D679A8D00810DA0 /* Products */ = {
			isa = PBXGroup;
			children = (
				C7587DE32D679A8D00810DA0 /* Deeproot macOS.app */,
				C7587DF42D679A8E00810DA0 /* Deeproot macOSTests.xctest */,
				C7587DFE2D679A8E00810DA0 /* Deeproot macOSUITests.xctest */,
			);
			name = Products;
			sourceTree = "<group>";
		};
/* End PBXGroup section */

/* Begin PBXNativeTarget section */
		C7587DE22D679A8D00810DA0 /* Deeproot macOS */ = {
			isa = PBXNativeTarget;
			buildConfigurationList = C7587E082D679A8E00810DA0 /* Build configuration list for PBXNativeTarget "Deeproot macOS" */;
			buildPhases = (
				C7587DDF2D679A8D00810DA0 /* Sources */,
				C7587DE02D679A8D00810DA0 /* Frameworks */,
				C7587DE12D679A8D00810DA0 /* Resources */,
			);
			buildRules = (
			);
			dependencies = (
			);
			fileSystemSynchronizedGroups = (
				C7587DE52D679A8D00810DA0 /* Deeproot macOS */,
			);
			name = "Deeproot macOS";
			packageProductDependencies = (
			);
			productName = "Deeproot macOS";
			productReference = C7587DE32D679A8D00810DA0 /* Deeproot macOS.app */;
			productType = "com.apple.product-type.application";
		};
		C7587DF32D679A8E00810DA0 /* Deeproot macOSTests */ = {
			isa = PBXNativeTarget;
			buildConfigurationList = C7587E0B2D679A8E00810DA0 /* Build configuration list for PBXNativeTarget "Deeproot macOSTests" */;
			buildPhases = (
				C7587DF02D679A8E00810DA0 /* Sources */,
				C7587DF12D679A8E00810DA0 /* Frameworks */,
				C7587DF22D679A8E00810DA0 /* Resources */,
			);
			buildRules = (
			);
			dependencies = (
				C7587DF62D679A8E00810DA0 /* PBXTargetDependency */,
			);
			fileSystemSynchronizedGroups = (
				C7587DF72D679A8E00810DA0 /* Deeproot macOSTests */,
			);
			name = "Deeproot macOSTests";
			packageProductDependencies = (
			);
			productName = "Deeproot macOSTests";
			productReference = C7587DF42D679A8E00810DA0 /* Deeproot macOSTests.xctest */;
			productType = "com.apple.product-type.bundle.unit-test";
		};
		C7587DFD2D679A8E00810DA0 /* Deeproot macOSUITests */ = {
			isa = PBXNativeTarget;
			buildConfigurationList = C7587E0E2D679A8E00810DA0 /* Build configuration list for PBXNativeTarget "Deeproot macOSUITests" */;
			buildPhases = (
				C7587DFA2D679A8E00810DA0 /* Sources */,
				C7587DFB2D679A8E00810DA0 /* Frameworks */,
				C7587DFC2D679A8E00810DA0 /* Resources */,
			);
			buildRules = (
			);
			dependencies = (
				C7587E002D679A8E00810DA0 /* PBXTargetDependency */,
			);
			fileSystemSynchronizedGroups = (
				C7587E012D679A8E00810DA0 /* Deeproot macOSUITests */,
			);
			name = "Deeproot macOSUITests";
			packageProductDependencies = (
			);
			productName = "Deeproot macOSUITests";
			productReference = C7587DFE2D679A8E00810DA0 /* Deeproot macOSUITests.xctest */;
			productType = "com.apple.product-type.bundle.ui-testing";
		};
/* End PBXNativeTarget section */

/* Begin PBXProject section */
		C7587DDB2D679A8D00810DA0 /* Project object */ = {
			isa = PBXProject;
			attributes = {
				BuildIndependentTargetsInParallel = 1;
				LastSwiftUpdateCheck = 1620;
				LastUpgradeCheck = 1620;
				TargetAttributes = {
					C7587DE22D679A8D00810DA0 = {
						CreatedOnToolsVersion = 16.2;
					};
					C7587DF32D679A8E00810DA0 = {
						CreatedOnToolsVersion = 16.2;
						TestTargetID = C7587DE22D679A8D00810DA0;
					};
					C7587DFD2D679A8E00810DA0 = {
						CreatedOnToolsVersion = 16.2;
						TestTargetID = C7587DE22D679A8D00810DA0;
					};
				};
			};
			buildConfigurationList = C7587DDE2D679A8D00810DA0 /* Build configuration list for PBXProject "Deeproot macOS" */;
			developmentRegion = en;
			hasScannedForEncodings = 0;
			knownRegions = (
				en,
				Base,
			);
			mainGroup = C7587DDA2D679A8D00810DA0;
			minimizedProjectReferenceProxies = 1;
			preferredProjectObjectVersion = 77;
			productRefGroup = C7587DE42D679A8D00810DA0 /* Products */;
			projectDirPath = "";
			projectRoot = "";
			targets = (
				C7587DE22D679A8D00810DA0 /* Deeproot macOS */,
				C7587DF32D679A8E00810DA0 /* Deeproot macOSTests */,
				C7587DFD2D679A8E00810DA0 /* Deeproot macOSUITests */,
			);
		};
/* End PBXProject section */

/* Begin PBXResourcesBuildPhase section */
		C7587DE12D679A8D00810DA0 /* Resources */ = {
			isa = PBXResourcesBuildPhase;
			buildActionMask = 2147483647;
			files = (
			);
			runOnlyForDeploymentPostprocessing = 0;
		};
		C7587DF22D679A8E00810DA0 /* Resources */ = {
			isa = PBXResourcesBuildPhase;
			buildActionMask = 2147483647;
			files = (
			);
			runOnlyForDeploymentPostprocessing = 0;
		};
		C7587DFC2D679A8E00810DA0 /* Resources */ = {
			isa = PBXResourcesBuildPhase;
			buildActionMask = 2147483647;
			files = (
			);
			runOnlyForDeploymentPostprocessing = 0;
		};
/* End PBXResourcesBuildPhase section */

/* Begin PBXSourcesBuildPhase section */
		C7587DDF2D679A8D00810DA0 /* Sources */ = {
			isa = PBXSourcesBuildPhase;
			buildActionMask = 2147483647;
			files = (
			);
			runOnlyForDeploymentPostprocessing = 0;
		};
		C7587DF02D679A8E00810DA0 /* Sources */ = {
			isa = PBXSourcesBuildPhase;
			buildActionMask = 2147483647;
			files = (
			);
			runOnlyForDeploymentPostprocessing = 0;
		};
		C7587DFA2D679A8E00810DA0 /* Sources */ = {
			isa = PBXSourcesBuildPhase;
			buildActionMask = 2147483647;
			files = (
			);
			runOnlyForDeploymentPostprocessing = 0;
		};
/* End PBXSourcesBuildPhase section */

/* Begin PBXTargetDependency section */
		C7587DF62D679A8E00810DA0 /* PBXTargetDependency */ = {
			isa = PBXTargetDependency;
			target = C7587DE22D679A8D00810DA0 /* Deeproot macOS */;
			targetProxy = C7587DF52D679A8E00810DA0 /* PBXContainerItemProxy */;
		};
		C7587E002D679A8E00810DA0 /* PBXTargetDependency */ = {
			isa = PBXTargetDependency;
			target = C7587DE22D679A8D00810DA0 /* Deeproot macOS */;
			targetProxy = C7587DFF2D679A8E00810DA0 /* PBXContainerItemProxy */;
		};
/* End PBXTargetDependency section */

/* Begin XCBuildConfiguration section */
		C7587E062D679A8E00810DA0 /* Debug */ = {
			isa = XCBuildConfiguration;
			buildSettings = {
				ALWAYS_SEARCH_USER_PATHS = NO;
				ASSETCATALOG_COMPILER_GENERATE_SWIFT_ASSET_SYMBOL_EXTENSIONS = YES;
				CLANG_ANALYZER_NONNULL = YES;
				CLANG_ANALYZER_NUMBER_OBJECT_CONVERSION = YES_AGGRESSIVE;
				CLANG_CXX_LANGUAGE_STANDARD = "gnu++20";
				CLANG_ENABLE_MODULES = YES;
				CLANG_ENABLE_OBJC_ARC = YES;
				CLANG_ENABLE_OBJC_WEAK = YES;
				CLANG_WARN_BLOCK_CAPTURE_AUTORELEASING = YES;
				CLANG_WARN_BOOL_CONVERSION = YES;
				CLANG_WARN_COMMA = YES;
				CLANG_WARN_CONSTANT_CONVERSION = YES;
				CLANG_WARN_DEPRECATED_OBJC_IMPLEMENTATIONS = YES;
				CLANG_WARN_DIRECT_OBJC_ISA_USAGE = YES_ERROR;
				CLANG_WARN_DOCUMENTATION_COMMENTS = YES;
				CLANG_WARN_EMPTY_BODY = YES;
				CLANG_WARN_ENUM_CONVERSION = YES;
				CLANG_WARN_INFINITE_RECURSION = YES;
				CLANG_WARN_INT_CONVERSION = YES;
				CLANG_WARN_NON_LITERAL_NULL_CONVERSION = YES;
				CLANG_WARN_OBJC_IMPLICIT_RETAIN_SELF = YES;
				CLANG_WARN_OBJC_LITERAL_CONVERSION = YES;
				CLANG_WARN_OBJC_ROOT_CLASS = YES_ERROR;
				CLANG_WARN_QUOTED_INCLUDE_IN_FRAMEWORK_HEADER = YES;
				CLANG_WARN_RANGE_LOOP_ANALYSIS = YES;
				CLANG_WARN_STRICT_PROTOTYPES = YES;
				CLANG_WARN_SUSPICIOUS_MOVE = YES;
				CLANG_WARN_UNGUARDED_AVAILABILITY = YES_AGGRESSIVE;
				CLANG_WARN_UNREACHABLE_CODE = YES;
				CLANG_WARN__DUPLICATE_METHOD_MATCH = YES;
				COPY_PHASE_STRIP = NO;
				DEBUG_INFORMATION_FORMAT = dwarf;
				ENABLE_STRICT_OBJC_MSGSEND = YES;
				ENABLE_TESTABILITY = YES;
				ENABLE_USER_SCRIPT_SANDBOXING = YES;
				GCC_C_LANGUAGE_STANDARD = gnu17;
				GCC_DYNAMIC_NO_PIC = NO;
				GCC_NO_COMMON_BLOCKS = YES;
				GCC_OPTIMIZATION_LEVEL = 0;
				GCC_PREPROCESSOR_DEFINITIONS = (
					"DEBUG=1",
					"$(inherited)",
				);
				GCC_WARN_64_TO_32_BIT_CONVERSION = YES;
				GCC_WARN_ABOUT_RETURN_TYPE = YES_ERROR;
				GCC_WARN_UNDECLARED_SELECTOR = YES;
				GCC_WARN_UNINITIALIZED_AUTOS = YES_AGGRESSIVE;
				GCC_WARN_UNUSED_FUNCTION = YES;
				GCC_WARN_UNUSED_VARIABLE = YES;
				LOCALIZATION_PREFERS_STRING_CATALOGS = YES;
				MACOSX_DEPLOYMENT_TARGET = 15.2;
				MTL_ENABLE_DEBUG_INFO = INCLUDE_SOURCE;
				MTL_FAST_MATH = YES;
				ONLY_ACTIVE_ARCH = YES;
				SDKROOT = macosx;
				SWIFT_ACTIVE_COMPILATION_CONDITIONS = "DEBUG $(inherited)";
				SWIFT_OPTIMIZATION_LEVEL = "-Onone";
			};
			name = Debug;
		};
		C7587E072D679A8E00810DA0 /* Release */ = {
			isa = XCBuildConfiguration;
			buildSettings = {
				ALWAYS_SEARCH_USER_PATHS = NO;
				ASSETCATALOG_COMPILER_GENERATE_SWIFT_ASSET_SYMBOL_EXTENSIONS = YES;
				CLANG_ANALYZER_NONNULL = YES;
				CLANG_ANALYZER_NUMBER_OBJECT_CONVERSION = YES_AGGRESSIVE;
				CLANG_CXX_LANGUAGE_STANDARD = "gnu++20";
				CLANG_ENABLE_MODULES = YES;
				CLANG_ENABLE_OBJC_ARC = YES;
				CLANG_ENABLE_OBJC_WEAK = YES;
				CLANG_WARN_BLOCK_CAPTURE_AUTORELEASING = YES;
				CLANG_WARN_BOOL_CONVERSION = YES;
				CLANG_WARN_COMMA = YES;
				CLANG_WARN_CONSTANT_CONVERSION = YES;
				CLANG_WARN_DEPRECATED_OBJC_IMPLEMENTATIONS = YES;
				CLANG_WARN_DIRECT_OBJC_ISA_USAGE = YES_ERROR;
				CLANG_WARN_DOCUMENTATION_COMMENTS = YES;
				CLANG_WARN_EMPTY_BODY = YES;
				CLANG_WARN_ENUM_CONVERSION = YES;
				CLANG_WARN_INFINITE_RECURSION = YES;
				CLANG_WARN_INT_CONVERSION = YES;
				CLANG_WARN_NON_LITERAL_NULL_CONVERSION = YES;
				CLANG_WARN_OBJC_IMPLICIT_RETAIN_SELF = YES;
				CLANG_WARN_OBJC_LITERAL_CONVERSION = YES;
				CLANG_WARN_OBJC_ROOT_CLASS = YES_ERROR;
				CLANG_WARN_QUOTED_INCLUDE_IN_FRAMEWORK_HEADER = YES;
				CLANG_WARN_RANGE_LOOP_ANALYSIS = YES;
				CLANG_WARN_STRICT_PROTOTYPES = YES;
				CLANG_WARN_SUSPICIOUS_MOVE = YES;
				CLANG_WARN_UNGUARDED_AVAILABILITY = YES_AGGRESSIVE;
				CLANG_WARN_UNREACHABLE_CODE = YES;
				CLANG_WARN__DUPLICATE_METHOD_MATCH = YES;
				COPY_PHASE_STRIP = NO;
				DEBUG_INFORMATION_FORMAT = "dwarf-with-dsym";
				ENABLE_NS_ASSERTIONS = NO;
				ENABLE_STRICT_OBJC_MSGSEND = YES;
				ENABLE_USER_SCRIPT_SANDBOXING = YES;
				GCC_C_LANGUAGE_STANDARD = gnu17;
				GCC_NO_COMMON_BLOCKS = YES;
				GCC_WARN_64_TO_32_BIT_CONVERSION = YES;
				GCC_WARN_ABOUT_RETURN_TYPE = YES_ERROR;
				GCC_WARN_UNDECLARED_SELECTOR = YES;
				GCC_WARN_UNINITIALIZED_AUTOS = YES_AGGRESSIVE;
				GCC_WARN_UNUSED_FUNCTION = YES;
				GCC_WARN_UNUSED_VARIABLE = YES;
				LOCALIZATION_PREFERS_STRING_CATALOGS = YES;
				MACOSX_DEPLOYMENT_TARGET = 15.2;
				MTL_ENABLE_DEBUG_INFO = NO;
				MTL_FAST_MATH = YES;
				SDKROOT = macosx;
				SWIFT_COMPILATION_MODE = wholemodule;
			};
			name = Release;
		};
		C7587E092D679A8E00810DA0 /* Debug */ = {
			isa = XCBuildConfiguration;
			buildSettings = {
				ASSETCATALOG_COMPILER_APPICON_NAME = AppIcon;
				ASSETCATALOG_COMPILER_GLOBAL_ACCENT_COLOR_NAME = AccentColor;
				CODE_SIGN_ENTITLEMENTS = "Deeproot macOS/Deeproot_macOS.entitlements";
				CODE_SIGN_STYLE = Automatic;
				COMBINE_HIDPI_IMAGES = YES;
				CURRENT_PROJECT_VERSION = 1;
				DEVELOPMENT_ASSET_PATHS = "\"Deeproot macOS/Preview Content\"";
				DEVELOPMENT_TEAM = 8FW8QG6RPJ;
				ENABLE_HARDENED_RUNTIME = YES;
				ENABLE_PREVIEWS = YES;
				GENERATE_INFOPLIST_FILE = YES;
				INFOPLIST_KEY_NSHumanReadableCopyright = "";
				LD_RUNPATH_SEARCH_PATHS = (
					"$(inherited)",
					"@executable_path/../Frameworks",
				);
				MARKETING_VERSION = 1.0;
				PRODUCT_BUNDLE_IDENTIFIER = "Science-Research-Pinecrest.Deeproot-macOS";
				PRODUCT_NAME = "$(TARGET_NAME)";
				SWIFT_EMIT_LOC_STRINGS = YES;
				SWIFT_VERSION = 5.0;
			};
			name = Debug;
		};
		C7587E0A2D679A8E00810DA0 /* Release */ = {
			isa = XCBuildConfiguration;
			buildSettings = {
				ASSETCATALOG_COMPILER_APPICON_NAME = AppIcon;
				ASSETCATALOG_COMPILER_GLOBAL_ACCENT_COLOR_NAME = AccentColor;
				CODE_SIGN_ENTITLEMENTS = "Deeproot macOS/Deeproot_macOS.entitlements";
				CODE_SIGN_STYLE = Automatic;
				COMBINE_HIDPI_IMAGES = YES;
				CURRENT_PROJECT_VERSION = 1;
				DEVELOPMENT_ASSET_PATHS = "\"Deeproot macOS/Preview Content\"";
				DEVELOPMENT_TEAM = 8FW8QG6RPJ;
				ENABLE_HARDENED_RUNTIME = YES;
				ENABLE_PREVIEWS = YES;
				GENERATE_INFOPLIST_FILE = YES;
				INFOPLIST_KEY_NSHumanReadableCopyright = "";
				LD_RUNPATH_SEARCH_PATHS = (
					"$(inherited)",
					"@executable_path/../Frameworks",
				);
				MARKETING_VERSION = 1.0;
				PRODUCT_BUNDLE_IDENTIFIER = "Science-Research-Pinecrest.Deeproot-macOS";
				PRODUCT_NAME = "$(TARGET_NAME)";
				SWIFT_EMIT_LOC_STRINGS = YES;
				SWIFT_VERSION = 5.0;
			};
			name = Release;
		};
		C7587E0C2D679A8E00810DA0 /* Debug */ = {
			isa = XCBuildConfiguration;
			buildSettings = {
				BUNDLE_LOADER = "$(TEST_HOST)";
				CODE_SIGN_STYLE = Automatic;
				CURRENT_PROJECT_VERSION = 1;
				DEVELOPMENT_TEAM = 8FW8QG6RPJ;
				GENERATE_INFOPLIST_FILE = YES;
				MACOSX_DEPLOYMENT_TARGET = 15.2;
				MARKETING_VERSION = 1.0;
				PRODUCT_BUNDLE_IDENTIFIER = "Science-Research-Pinecrest.Deeproot-macOSTests";
				PRODUCT_NAME = "$(TARGET_NAME)";
				SWIFT_EMIT_LOC_STRINGS = NO;
				SWIFT_VERSION = 5.0;
				TEST_HOST = "$(BUILT_PRODUCTS_DIR)/Deeproot macOS.app/$(BUNDLE_EXECUTABLE_FOLDER_PATH)/Deeproot macOS";
			};
			name = Debug;
		};
		C7587E0D2D679A8E00810DA0 /* Release */ = {
			isa = XCBuildConfiguration;
			buildSettings = {
				BUNDLE_LOADER = "$(TEST_HOST)";
				CODE_SIGN_STYLE = Automatic;
				CURRENT_PROJECT_VERSION = 1;
				DEVELOPMENT_TEAM = 8FW8QG6RPJ;
				GENERATE_INFOPLIST_FILE = YES;
				MACOSX_DEPLOYMENT_TARGET = 15.2;
				MARKETING_VERSION = 1.0;
				PRODUCT_BUNDLE_IDENTIFIER = "Science-Research-Pinecrest.Deeproot-macOSTests";
				PRODUCT_NAME = "$(TARGET_NAME)";
				SWIFT_EMIT_LOC_STRINGS = NO;
				SWIFT_VERSION = 5.0;
				TEST_HOST = "$(BUILT_PRODUCTS_DIR)/Deeproot macOS.app/$(BUNDLE_EXECUTABLE_FOLDER_PATH)/Deeproot macOS";
			};
			name = Release;
		};
		C7587E0F2D679A8E00810DA0 /* Debug */ = {
			isa = XCBuildConfiguration;
			buildSettings = {
				CODE_SIGN_STYLE = Automatic;
				CURRENT_PROJECT_VERSION = 1;
				DEVELOPMENT_TEAM = 8FW8QG6RPJ;
				GENERATE_INFOPLIST_FILE = YES;
				MARKETING_VERSION = 1.0;
				PRODUCT_BUNDLE_IDENTIFIER = "Science-Research-Pinecrest.Deeproot-macOSUITests";
				PRODUCT_NAME = "$(TARGET_NAME)";
				SWIFT_EMIT_LOC_STRINGS = NO;
				SWIFT_VERSION = 5.0;
				TEST_TARGET_NAME = "Deeproot macOS";
			};
			name = Debug;
		};
		C7587E102D679A8E00810DA0 /* Release */ = {
			isa = XCBuildConfiguration;
			buildSettings = {
				CODE_SIGN_STYLE = Automatic;
				CURRENT_PROJECT_VERSION = 1;
				DEVELOPMENT_TEAM = 8FW8QG6RPJ;
				GENERATE_INFOPLIST_FILE = YES;
				MARKETING_VERSION = 1.0;
				PRODUCT_BUNDLE_IDENTIFIER = "Science-Research-Pinecrest.Deeproot-macOSUITests";
				PRODUCT_NAME = "$(TARGET_NAME)";
				SWIFT_EMIT_LOC_STRINGS = NO;
				SWIFT_VERSION = 5.0;
				TEST_TARGET_NAME = "Deeproot macOS";
			};
			name = Release;
		};
/* End XCBuildConfiguration section */

/* Begin XCConfigurationList section */
		C7587DDE2D679A8D00810DA0 /* Build configuration list for PBXProject "Deeproot macOS" */ = {
			isa = XCConfigurationList;
			buildConfigurations = (
				C7587E062D679A8E00810DA0 /* Debug */,
				C7587E072D679A8E00810DA0 /* Release */,
			);
			defaultConfigurationIsVisible = 0;
			defaultConfigurationName = Release;
		};
		C7587E082D679A8E00810DA0 /* Build configuration list for PBXNativeTarget "Deeproot macOS" */ = {
			isa = XCConfigurationList;
			buildConfigurations = (
				C7587E092D679A8E00810DA0 /* Debug */,
				C7587E0A2D679A8E00810DA0 /* Release */,
			);
			defaultConfigurationIsVisible = 0;
			defaultConfigurationName = Release;
		};
		C7587E0B2D679A8E00810DA0 /* Build configuration list for PBXNativeTarget "Deeproot macOSTests" */ = {
			isa = XCConfigurationList;
			buildConfigurations = (
				C7587E0C2D679A8E00810DA0 /* Debug */,
				C7587E0D2D679A8E00810DA0 /* Release */,
			);
			defaultConfigurationIsVisible = 0;
			defaultConfigurationName = Release;
		};
		C7587E0E2D679A8E00810DA0 /* Build configuration list for PBXNativeTarget "Deeproot macOSUITests" */ = {
			isa = XCConfigurationList;
			buildConfigurations = (
				C7587E0F2D679A8E00810DA0 /* Debug */,
				C7587E102D679A8E00810DA0 /* Release */,
			);
			defaultConfigurationIsVisible = 0;
			defaultConfigurationName = Release;
		};
/* End XCConfigurationList section */
	};
	rootObject = C7587DDB2D679A8D00810DA0 /* Project object */;
}
