// !$*UTF8*$!
{
	archiveVersion = 1;
	classes = {
	};
	objectVersion = 77;
	objects = {

/* Begin PBXContainerItemProxy section */
		C7DBD2292D5EB6010096B515 /* PBXContainerItemProxy */ = {
			isa = PBXContainerItemProxy;
			containerPortal = C7DBD2102D5EB6000096B515 /* Project object */;
			proxyType = 1;
			remoteGlobalIDString = C7DBD2172D5EB6000096B515;
			remoteInfo = "DeepRoot Alpha";
		};
		C7DBD2332D5EB6010096B515 /* PBXContainerItemProxy */ = {
			isa = PBXContainerItemProxy;
			containerPortal = C7DBD2102D5EB6000096B515 /* Project object */;
			proxyType = 1;
			remoteGlobalIDString = C7DBD2172D5EB6000096B515;
			remoteInfo = "DeepRoot Alpha";
		};
/* End PBXContainerItemProxy section */

/* Begin PBXFileReference section */
		C7DBD2182D5EB6000096B515 /* DeepRoot Alpha.app */ = {isa = PBXFileReference; explicitFileType = wrapper.application; includeInIndex = 0; path = "DeepRoot Alpha.app"; sourceTree = BUILT_PRODUCTS_DIR; };
		C7DBD2282D5EB6010096B515 /* DeepRoot AlphaTests.xctest */ = {isa = PBXFileReference; explicitFileType = wrapper.cfbundle; includeInIndex = 0; path = "DeepRoot AlphaTests.xctest"; sourceTree = BUILT_PRODUCTS_DIR; };
		C7DBD2322D5EB6010096B515 /* DeepRoot AlphaUITests.xctest */ = {isa = PBXFileReference; explicitFileType = wrapper.cfbundle; includeInIndex = 0; path = "DeepRoot AlphaUITests.xctest"; sourceTree = BUILT_PRODUCTS_DIR; };
/* End PBXFileReference section */

/* Begin PBXFileSystemSynchronizedBuildFileExceptionSet section */
		C75406502D6EA64200F87BA6 /* Exceptions for "DeepRoot Alpha" folder in "DeepRoot AlphaTests" target */ = {
			isa = PBXFileSystemSynchronizedBuildFileExceptionSet;
			membershipExceptions = (
				"R-CNN CoreML Models/best3.mlpackage",
				"R-CNN CoreML Models/best4.mlpackage",
			);
			target = C7DBD2272D5EB6010096B515 /* DeepRoot AlphaTests */;
		};
		C75406512D6EA64200F87BA6 /* Exceptions for "DeepRoot Alpha" folder in "DeepRoot AlphaUITests" target */ = {
			isa = PBXFileSystemSynchronizedBuildFileExceptionSet;
			membershipExceptions = (
				"R-CNN CoreML Models/best3.mlpackage",
				"R-CNN CoreML Models/best4.mlpackage",
			);
			target = C7DBD2312D5EB6010096B515 /* DeepRoot AlphaUITests */;
		};
/* End PBXFileSystemSynchronizedBuildFileExceptionSet section */

/* Begin PBXFileSystemSynchronizedRootGroup section */
		C7DBD21A2D5EB6000096B515 /* DeepRoot Alpha */ = {
			isa = PBXFileSystemSynchronizedRootGroup;
			exceptions = (
				C75406502D6EA64200F87BA6 /* Exceptions for "DeepRoot Alpha" folder in "DeepRoot AlphaTests" target */,
				C75406512D6EA64200F87BA6 /* Exceptions for "DeepRoot Alpha" folder in "DeepRoot AlphaUITests" target */,
			);
			path = "DeepRoot Alpha";
			sourceTree = "<group>";
		};
		C7DBD22B2D5EB6010096B515 /* DeepRoot AlphaTests */ = {
			isa = PBXFileSystemSynchronizedRootGroup;
			path = "DeepRoot AlphaTests";
			sourceTree = "<group>";
		};
		C7DBD2352D5EB6010096B515 /* DeepRoot AlphaUITests */ = {
			isa = PBXFileSystemSynchronizedRootGroup;
			path = "DeepRoot AlphaUITests";
			sourceTree = "<group>";
		};
/* End PBXFileSystemSynchronizedRootGroup section */

/* Begin PBXFrameworksBuildPhase section */
		C7DBD2152D5EB6000096B515 /* Frameworks */ = {
			isa = PBXFrameworksBuildPhase;
			buildActionMask = 2147483647;
			files = (
			);
			runOnlyForDeploymentPostprocessing = 0;
		};
		C7DBD2252D5EB6010096B515 /* Frameworks */ = {
			isa = PBXFrameworksBuildPhase;
			buildActionMask = 2147483647;
			files = (
			);
			runOnlyForDeploymentPostprocessing = 0;
		};
		C7DBD22F2D5EB6010096B515 /* Frameworks */ = {
			isa = PBXFrameworksBuildPhase;
			buildActionMask = 2147483647;
			files = (
			);
			runOnlyForDeploymentPostprocessing = 0;
		};
/* End PBXFrameworksBuildPhase section */

/* Begin PBXGroup section */
		C7DBD20F2D5EB6000096B515 = {
			isa = PBXGroup;
			children = (
				C7DBD21A2D5EB6000096B515 /* DeepRoot Alpha */,
				C7DBD22B2D5EB6010096B515 /* DeepRoot AlphaTests */,
				C7DBD2352D5EB6010096B515 /* DeepRoot AlphaUITests */,
				C7DBD2192D5EB6000096B515 /* Products */,
			);
			sourceTree = "<group>";
		};
		C7DBD2192D5EB6000096B515 /* Products */ = {
			isa = PBXGroup;
			children = (
				C7DBD2182D5EB6000096B515 /* DeepRoot Alpha.app */,
				C7DBD2282D5EB6010096B515 /* DeepRoot AlphaTests.xctest */,
				C7DBD2322D5EB6010096B515 /* DeepRoot AlphaUITests.xctest */,
			);
			name = Products;
			sourceTree = "<group>";
		};
/* End PBXGroup section */

/* Begin PBXNativeTarget section */
		C7DBD2172D5EB6000096B515 /* DeepRoot Alpha */ = {
			isa = PBXNativeTarget;
			buildConfigurationList = C7DBD23C2D5EB6010096B515 /* Build configuration list for PBXNativeTarget "DeepRoot Alpha" */;
			buildPhases = (
				C7DBD2142D5EB6000096B515 /* Sources */,
				C7DBD2152D5EB6000096B515 /* Frameworks */,
				C7DBD2162D5EB6000096B515 /* Resources */,
			);
			buildRules = (
			);
			dependencies = (
			);
			fileSystemSynchronizedGroups = (
				C7DBD21A2D5EB6000096B515 /* DeepRoot Alpha */,
			);
			name = "DeepRoot Alpha";
			packageProductDependencies = (
			);
			productName = "DeepRoot Alpha";
			productReference = C7DBD2182D5EB6000096B515 /* DeepRoot Alpha.app */;
			productType = "com.apple.product-type.application";
		};
		C7DBD2272D5EB6010096B515 /* DeepRoot AlphaTests */ = {
			isa = PBXNativeTarget;
			buildConfigurationList = C7DBD23F2D5EB6010096B515 /* Build configuration list for PBXNativeTarget "DeepRoot AlphaTests" */;
			buildPhases = (
				C7DBD2242D5EB6010096B515 /* Sources */,
				C7DBD2252D5EB6010096B515 /* Frameworks */,
				C7DBD2262D5EB6010096B515 /* Resources */,
			);
			buildRules = (
			);
			dependencies = (
				C7DBD22A2D5EB6010096B515 /* PBXTargetDependency */,
			);
			fileSystemSynchronizedGroups = (
				C7DBD22B2D5EB6010096B515 /* DeepRoot AlphaTests */,
			);
			name = "DeepRoot AlphaTests";
			packageProductDependencies = (
			);
			productName = "DeepRoot AlphaTests";
			productReference = C7DBD2282D5EB6010096B515 /* DeepRoot AlphaTests.xctest */;
			productType = "com.apple.product-type.bundle.unit-test";
		};
		C7DBD2312D5EB6010096B515 /* DeepRoot AlphaUITests */ = {
			isa = PBXNativeTarget;
			buildConfigurationList = C7DBD2422D5EB6010096B515 /* Build configuration list for PBXNativeTarget "DeepRoot AlphaUITests" */;
			buildPhases = (
				C7DBD22E2D5EB6010096B515 /* Sources */,
				C7DBD22F2D5EB6010096B515 /* Frameworks */,
				C7DBD2302D5EB6010096B515 /* Resources */,
			);
			buildRules = (
			);
			dependencies = (
				C7DBD2342D5EB6010096B515 /* PBXTargetDependency */,
			);
			fileSystemSynchronizedGroups = (
				C7DBD2352D5EB6010096B515 /* DeepRoot AlphaUITests */,
			);
			name = "DeepRoot AlphaUITests";
			packageProductDependencies = (
			);
			productName = "DeepRoot AlphaUITests";
			productReference = C7DBD2322D5EB6010096B515 /* DeepRoot AlphaUITests.xctest */;
			productType = "com.apple.product-type.bundle.ui-testing";
		};
/* End PBXNativeTarget section */

/* Begin PBXProject section */
		C7DBD2102D5EB6000096B515 /* Project object */ = {
			isa = PBXProject;
			attributes = {
				BuildIndependentTargetsInParallel = 1;
				LastSwiftUpdateCheck = 1620;
				LastUpgradeCheck = 1620;
				TargetAttributes = {
					C7DBD2172D5EB6000096B515 = {
						CreatedOnToolsVersion = 16.2;
					};
					C7DBD2272D5EB6010096B515 = {
						CreatedOnToolsVersion = 16.2;
						TestTargetID = C7DBD2172D5EB6000096B515;
					};
					C7DBD2312D5EB6010096B515 = {
						CreatedOnToolsVersion = 16.2;
						TestTargetID = C7DBD2172D5EB6000096B515;
					};
				};
			};
			buildConfigurationList = C7DBD2132D5EB6000096B515 /* Build configuration list for PBXProject "Deeproot Alpha" */;
			developmentRegion = en;
			hasScannedForEncodings = 0;
			knownRegions = (
				en,
				Base,
			);
			mainGroup = C7DBD20F2D5EB6000096B515;
			minimizedProjectReferenceProxies = 1;
			preferredProjectObjectVersion = 77;
			productRefGroup = C7DBD2192D5EB6000096B515 /* Products */;
			projectDirPath = "";
			projectRoot = "";
			targets = (
				C7DBD2172D5EB6000096B515 /* DeepRoot Alpha */,
				C7DBD2272D5EB6010096B515 /* DeepRoot AlphaTests */,
				C7DBD2312D5EB6010096B515 /* DeepRoot AlphaUITests */,
			);
		};
/* End PBXProject section */

/* Begin PBXResourcesBuildPhase section */
		C7DBD2162D5EB6000096B515 /* Resources */ = {
			isa = PBXResourcesBuildPhase;
			buildActionMask = 2147483647;
			files = (
			);
			runOnlyForDeploymentPostprocessing = 0;
		};
		C7DBD2262D5EB6010096B515 /* Resources */ = {
			isa = PBXResourcesBuildPhase;
			buildActionMask = 2147483647;
			files = (
			);
			runOnlyForDeploymentPostprocessing = 0;
		};
		C7DBD2302D5EB6010096B515 /* Resources */ = {
			isa = PBXResourcesBuildPhase;
			buildActionMask = 2147483647;
			files = (
			);
			runOnlyForDeploymentPostprocessing = 0;
		};
/* End PBXResourcesBuildPhase section */

/* Begin PBXSourcesBuildPhase section */
		C7DBD2142D5EB6000096B515 /* Sources */ = {
			isa = PBXSourcesBuildPhase;
			buildActionMask = 2147483647;
			files = (
			);
			runOnlyForDeploymentPostprocessing = 0;
		};
		C7DBD2242D5EB6010096B515 /* Sources */ = {
			isa = PBXSourcesBuildPhase;
			buildActionMask = 2147483647;
			files = (
			);
			runOnlyForDeploymentPostprocessing = 0;
		};
		C7DBD22E2D5EB6010096B515 /* Sources */ = {
			isa = PBXSourcesBuildPhase;
			buildActionMask = 2147483647;
			files = (
			);
			runOnlyForDeploymentPostprocessing = 0;
		};
/* End PBXSourcesBuildPhase section */

/* Begin PBXTargetDependency section */
		C7DBD22A2D5EB6010096B515 /* PBXTargetDependency */ = {
			isa = PBXTargetDependency;
			target = C7DBD2172D5EB6000096B515 /* DeepRoot Alpha */;
			targetProxy = C7DBD2292D5EB6010096B515 /* PBXContainerItemProxy */;
		};
		C7DBD2342D5EB6010096B515 /* PBXTargetDependency */ = {
			isa = PBXTargetDependency;
			target = C7DBD2172D5EB6000096B515 /* DeepRoot Alpha */;
			targetProxy = C7DBD2332D5EB6010096B515 /* PBXContainerItemProxy */;
		};
/* End PBXTargetDependency section */

/* Begin XCBuildConfiguration section */
		C7DBD23A2D5EB6010096B515 /* Debug */ = {
			isa = XCBuildConfiguration;
			buildSettings = {
				ALWAYS_SEARCH_USER_PATHS = NO;
				ASSETCATALOG_COMPILER_GENERATE_SWIFT_ASSET_SYMBOL_EXTENSIONS = YES;
				CLANG_ANALYZER_NONNULL = YES;
				CLANG_ANALYZER_NUMBER_OBJECT_CONVERSION = YES_AGGRESSIVE;
				CLANG_CXX_LANGUAGE_STANDARD = "gnu++20";
				CLANG_ENABLE_MODULES = YES;
				CLANG_ENABLE_OBJC_ARC = YES;
				CLANG_ENABLE_OBJC_WEAK = YES;
				CLANG_WARN_BLOCK_CAPTURE_AUTORELEASING = YES;
				CLANG_WARN_BOOL_CONVERSION = YES;
				CLANG_WARN_COMMA = YES;
				CLANG_WARN_CONSTANT_CONVERSION = YES;
				CLANG_WARN_DEPRECATED_OBJC_IMPLEMENTATIONS = YES;
				CLANG_WARN_DIRECT_OBJC_ISA_USAGE = YES_ERROR;
				CLANG_WARN_DOCUMENTATION_COMMENTS = YES;
				CLANG_WARN_EMPTY_BODY = YES;
				CLANG_WARN_ENUM_CONVERSION = YES;
				CLANG_WARN_INFINITE_RECURSION = YES;
				CLANG_WARN_INT_CONVERSION = YES;
				CLANG_WARN_NON_LITERAL_NULL_CONVERSION = YES;
				CLANG_WARN_OBJC_IMPLICIT_RETAIN_SELF = YES;
				CLANG_WARN_OBJC_LITERAL_CONVERSION = YES;
				CLANG_WARN_OBJC_ROOT_CLASS = YES_ERROR;
				CLANG_WARN_QUOTED_INCLUDE_IN_FRAMEWORK_HEADER = YES;
				CLANG_WARN_RANGE_LOOP_ANALYSIS = YES;
				CLANG_WARN_STRICT_PROTOTYPES = YES;
				CLANG_WARN_SUSPICIOUS_MOVE = YES;
				CLANG_WARN_UNGUARDED_AVAILABILITY = YES_AGGRESSIVE;
				CLANG_WARN_UNREACHABLE_CODE = YES;
				CLANG_WARN__DUPLICATE_METHOD_MATCH = YES;
				COPY_PHASE_STRIP = NO;
				DEBUG_INFORMATION_FORMAT = dwarf;
				ENABLE_STRICT_OBJC_MSGSEND = YES;
				ENABLE_TESTABILITY = YES;
				ENABLE_USER_SCRIPT_SANDBOXING = YES;
				GCC_C_LANGUAGE_STANDARD = gnu17;
				GCC_DYNAMIC_NO_PIC = NO;
				GCC_NO_COMMON_BLOCKS = YES;
				GCC_OPTIMIZATION_LEVEL = 0;
				GCC_PREPROCESSOR_DEFINITIONS = (
					"DEBUG=1",
					"$(inherited)",
				);
				GCC_WARN_64_TO_32_BIT_CONVERSION = YES;
				GCC_WARN_ABOUT_RETURN_TYPE = YES_ERROR;
				GCC_WARN_UNDECLARED_SELECTOR = YES;
				GCC_WARN_UNINITIALIZED_AUTOS = YES_AGGRESSIVE;
				GCC_WARN_UNUSED_FUNCTION = YES;
				GCC_WARN_UNUSED_VARIABLE = YES;
				IPHONEOS_DEPLOYMENT_TARGET = 18.2;
				LOCALIZATION_PREFERS_STRING_CATALOGS = YES;
				MTL_ENABLE_DEBUG_INFO = INCLUDE_SOURCE;
				MTL_FAST_MATH = YES;
				ONLY_ACTIVE_ARCH = YES;
				SDKROOT = iphoneos;
				SWIFT_ACTIVE_COMPILATION_CONDITIONS = "DEBUG $(inherited)";
				SWIFT_OPTIMIZATION_LEVEL = "-Onone";
			};
			name = Debug;
		};
		C7DBD23B2D5EB6010096B515 /* Release */ = {
			isa = XCBuildConfiguration;
			buildSettings = {
				ALWAYS_SEARCH_USER_PATHS = NO;
				ASSETCATALOG_COMPILER_GENERATE_SWIFT_ASSET_SYMBOL_EXTENSIONS = YES;
				CLANG_ANALYZER_NONNULL = YES;
				CLANG_ANALYZER_NUMBER_OBJECT_CONVERSION = YES_AGGRESSIVE;
				CLANG_CXX_LANGUAGE_STANDARD = "gnu++20";
				CLANG_ENABLE_MODULES = YES;
				CLANG_ENABLE_OBJC_ARC = YES;
				CLANG_ENABLE_OBJC_WEAK = YES;
				CLANG_WARN_BLOCK_CAPTURE_AUTORELEASING = YES;
				CLANG_WARN_BOOL_CONVERSION = YES;
				CLANG_WARN_COMMA = YES;
				CLANG_WARN_CONSTANT_CONVERSION = YES;
				CLANG_WARN_DEPRECATED_OBJC_IMPLEMENTATIONS = YES;
				CLANG_WARN_DIRECT_OBJC_ISA_USAGE = YES_ERROR;
				CLANG_WARN_DOCUMENTATION_COMMENTS = YES;
				CLANG_WARN_EMPTY_BODY = YES;
				CLANG_WARN_ENUM_CONVERSION = YES;
				CLANG_WARN_INFINITE_RECURSION = YES;
				CLANG_WARN_INT_CONVERSION = YES;
				CLANG_WARN_NON_LITERAL_NULL_CONVERSION = YES;
				CLANG_WARN_OBJC_IMPLICIT_RETAIN_SELF = YES;
				CLANG_WARN_OBJC_LITERAL_CONVERSION = YES;
				CLANG_WARN_OBJC_ROOT_CLASS = YES_ERROR;
				CLANG_WARN_QUOTED_INCLUDE_IN_FRAMEWORK_HEADER = YES;
				CLANG_WARN_RANGE_LOOP_ANALYSIS = YES;
				CLANG_WARN_STRICT_PROTOTYPES = YES;
				CLANG_WARN_SUSPICIOUS_MOVE = YES;
				CLANG_WARN_UNGUARDED_AVAILABILITY = YES_AGGRESSIVE;
				CLANG_WARN_UNREACHABLE_CODE = YES;
				CLANG_WARN__DUPLICATE_METHOD_MATCH = YES;
				COPY_PHASE_STRIP = NO;
				DEBUG_INFORMATION_FORMAT = "dwarf-with-dsym";
				ENABLE_NS_ASSERTIONS = NO;
				ENABLE_STRICT_OBJC_MSGSEND = YES;
				ENABLE_USER_SCRIPT_SANDBOXING = YES;
				GCC_C_LANGUAGE_STANDARD = gnu17;
				GCC_NO_COMMON_BLOCKS = YES;
				GCC_WARN_64_TO_32_BIT_CONVERSION = YES;
				GCC_WARN_ABOUT_RETURN_TYPE = YES_ERROR;
				GCC_WARN_UNDECLARED_SELECTOR = YES;
				GCC_WARN_UNINITIALIZED_AUTOS = YES_AGGRESSIVE;
				GCC_WARN_UNUSED_FUNCTION = YES;
				GCC_WARN_UNUSED_VARIABLE = YES;
				IPHONEOS_DEPLOYMENT_TARGET = 18.2;
				LOCALIZATION_PREFERS_STRING_CATALOGS = YES;
				MTL_ENABLE_DEBUG_INFO = NO;
				MTL_FAST_MATH = YES;
				SDKROOT = iphoneos;
				SWIFT_COMPILATION_MODE = wholemodule;
				VALIDATE_PRODUCT = YES;
			};
			name = Release;
		};
		C7DBD23D2D5EB6010096B515 /* Debug */ = {
			isa = XCBuildConfiguration;
			buildSettings = {
				ASSETCATALOG_COMPILER_APPICON_NAME = AppIcon;
				ASSETCATALOG_COMPILER_GLOBAL_ACCENT_COLOR_NAME = AccentColor;
				CODE_SIGN_STYLE = Automatic;
				CURRENT_PROJECT_VERSION = 1;
				DEVELOPMENT_ASSET_PATHS = "\"DeepRoot Alpha/Preview Content\"";
				DEVELOPMENT_TEAM = 8FW8QG6RPJ;
				ENABLE_PREVIEWS = YES;
				GENERATE_INFOPLIST_FILE = YES;
				INFOPLIST_KEY_NSCameraUsageDescription = "Feed for plant disease detection";
				INFOPLIST_KEY_UIApplicationSceneManifest_Generation = YES;
				INFOPLIST_KEY_UIApplicationSupportsIndirectInputEvents = YES;
				INFOPLIST_KEY_UILaunchScreen_Generation = YES;
				INFOPLIST_KEY_UISupportedInterfaceOrientations_iPad = "UIInterfaceOrientationPortrait UIInterfaceOrientationPortraitUpsideDown UIInterfaceOrientationLandscapeLeft UIInterfaceOrientationLandscapeRight";
				INFOPLIST_KEY_UISupportedInterfaceOrientations_iPhone = "UIInterfaceOrientationPortrait UIInterfaceOrientationLandscapeLeft UIInterfaceOrientationLandscapeRight";
				LD_RUNPATH_SEARCH_PATHS = (
					"$(inherited)",
					"@executable_path/Frameworks",
				);
				MARKETING_VERSION = 1.0;
				PRODUCT_BUNDLE_IDENTIFIER = "Science-Research-Pinecrest.DeepRoot-Alpha";
				PRODUCT_NAME = "$(TARGET_NAME)";
				SWIFT_EMIT_LOC_STRINGS = YES;
				SWIFT_VERSION = 5.0;
				TARGETED_DEVICE_FAMILY = "1,2";
			};
			name = Debug;
		};
		C7DBD23E2D5EB6010096B515 /* Release */ = {
			isa = XCBuildConfiguration;
			buildSettings = {
				ASSETCATALOG_COMPILER_APPICON_NAME = AppIcon;
				ASSETCATALOG_COMPILER_GLOBAL_ACCENT_COLOR_NAME = AccentColor;
				CODE_SIGN_STYLE = Automatic;
				CURRENT_PROJECT_VERSION = 1;
				DEVELOPMENT_ASSET_PATHS = "\"DeepRoot Alpha/Preview Content\"";
				DEVELOPMENT_TEAM = 8FW8QG6RPJ;
				ENABLE_PREVIEWS = YES;
				GENERATE_INFOPLIST_FILE = YES;
				INFOPLIST_KEY_NSCameraUsageDescription = "Feed for plant disease detection";
				INFOPLIST_KEY_UIApplicationSceneManifest_Generation = YES;
				INFOPLIST_KEY_UIApplicationSupportsIndirectInputEvents = YES;
				INFOPLIST_KEY_UILaunchScreen_Generation = YES;
				INFOPLIST_KEY_UISupportedInterfaceOrientations_iPad = "UIInterfaceOrientationPortrait UIInterfaceOrientationPortraitUpsideDown UIInterfaceOrientationLandscapeLeft UIInterfaceOrientationLandscapeRight";
				INFOPLIST_KEY_UISupportedInterfaceOrientations_iPhone = "UIInterfaceOrientationPortrait UIInterfaceOrientationLandscapeLeft UIInterfaceOrientationLandscapeRight";
				LD_RUNPATH_SEARCH_PATHS = (
					"$(inherited)",
					"@executable_path/Frameworks",
				);
				MARKETING_VERSION = 1.0;
				PRODUCT_BUNDLE_IDENTIFIER = "Science-Research-Pinecrest.DeepRoot-Alpha";
				PRODUCT_NAME = "$(TARGET_NAME)";
				SWIFT_EMIT_LOC_STRINGS = YES;
				SWIFT_VERSION = 5.0;
				TARGETED_DEVICE_FAMILY = "1,2";
			};
			name = Release;
		};
		C7DBD2402D5EB6010096B515 /* Debug */ = {
			isa = XCBuildConfiguration;
			buildSettings = {
				BUNDLE_LOADER = "$(TEST_HOST)";
				CODE_SIGN_STYLE = Automatic;
				CURRENT_PROJECT_VERSION = 1;
				DEVELOPMENT_TEAM = 8FW8QG6RPJ;
				GENERATE_INFOPLIST_FILE = YES;
				IPHONEOS_DEPLOYMENT_TARGET = 18.2;
				MARKETING_VERSION = 1.0;
				PRODUCT_BUNDLE_IDENTIFIER = "Science-Research-Pinecrest.DeepRoot-AlphaTests";
				PRODUCT_NAME = "$(TARGET_NAME)";
				SWIFT_EMIT_LOC_STRINGS = NO;
				SWIFT_VERSION = 5.0;
				TARGETED_DEVICE_FAMILY = "1,2";
				TEST_HOST = "$(BUILT_PRODUCTS_DIR)/DeepRoot Alpha.app/$(BUNDLE_EXECUTABLE_FOLDER_PATH)/DeepRoot Alpha";
			};
			name = Debug;
		};
		C7DBD2412D5EB6010096B515 /* Release */ = {
			isa = XCBuildConfiguration;
			buildSettings = {
				BUNDLE_LOADER = "$(TEST_HOST)";
				CODE_SIGN_STYLE = Automatic;
				CURRENT_PROJECT_VERSION = 1;
				DEVELOPMENT_TEAM = 8FW8QG6RPJ;
				GENERATE_INFOPLIST_FILE = YES;
				IPHONEOS_DEPLOYMENT_TARGET = 18.2;
				MARKETING_VERSION = 1.0;
				PRODUCT_BUNDLE_IDENTIFIER = "Science-Research-Pinecrest.DeepRoot-AlphaTests";
				PRODUCT_NAME = "$(TARGET_NAME)";
				SWIFT_EMIT_LOC_STRINGS = NO;
				SWIFT_VERSION = 5.0;
				TARGETED_DEVICE_FAMILY = "1,2";
				TEST_HOST = "$(BUILT_PRODUCTS_DIR)/DeepRoot Alpha.app/$(BUNDLE_EXECUTABLE_FOLDER_PATH)/DeepRoot Alpha";
			};
			name = Release;
		};
		C7DBD2432D5EB6010096B515 /* Debug */ = {
			isa = XCBuildConfiguration;
			buildSettings = {
				CODE_SIGN_STYLE = Automatic;
				CURRENT_PROJECT_VERSION = 1;
				DEVELOPMENT_TEAM = 8FW8QG6RPJ;
				GENERATE_INFOPLIST_FILE = YES;
				MARKETING_VERSION = 1.0;
				PRODUCT_BUNDLE_IDENTIFIER = "Science-Research-Pinecrest.DeepRoot-AlphaUITests";
				PRODUCT_NAME = "$(TARGET_NAME)";
				SWIFT_EMIT_LOC_STRINGS = NO;
				SWIFT_VERSION = 5.0;
				TARGETED_DEVICE_FAMILY = "1,2";
				TEST_TARGET_NAME = "DeepRoot Alpha";
			};
			name = Debug;
		};
		C7DBD2442D5EB6010096B515 /* Release */ = {
			isa = XCBuildConfiguration;
			buildSettings = {
				CODE_SIGN_STYLE = Automatic;
				CURRENT_PROJECT_VERSION = 1;
				DEVELOPMENT_TEAM = 8FW8QG6RPJ;
				GENERATE_INFOPLIST_FILE = YES;
				MARKETING_VERSION = 1.0;
				PRODUCT_BUNDLE_IDENTIFIER = "Science-Research-Pinecrest.DeepRoot-AlphaUITests";
				PRODUCT_NAME = "$(TARGET_NAME)";
				SWIFT_EMIT_LOC_STRINGS = NO;
				SWIFT_VERSION = 5.0;
				TARGETED_DEVICE_FAMILY = "1,2";
				TEST_TARGET_NAME = "DeepRoot Alpha";
			};
			name = Release;
		};
/* End XCBuildConfiguration section */

/* Begin XCConfigurationList section */
		C7DBD2132D5EB6000096B515 /* Build configuration list for PBXProject "Deeproot Alpha" */ = {
			isa = XCConfigurationList;
			buildConfigurations = (
				C7DBD23A2D5EB6010096B515 /* Debug */,
				C7DBD23B2D5EB6010096B515 /* Release */,
			);
			defaultConfigurationIsVisible = 0;
			defaultConfigurationName = Release;
		};
		C7DBD23C2D5EB6010096B515 /* Build configuration list for PBXNativeTarget "DeepRoot Alpha" */ = {
			isa = XCConfigurationList;
			buildConfigurations = (
				C7DBD23D2D5EB6010096B515 /* Debug */,
				C7DBD23E2D5EB6010096B515 /* Release */,
			);
			defaultConfigurationIsVisible = 0;
			defaultConfigurationName = Release;
		};
		C7DBD23F2D5EB6010096B515 /* Build configuration list for PBXNativeTarget "DeepRoot AlphaTests" */ = {
			isa = XCConfigurationList;
			buildConfigurations = (
				C7DBD2402D5EB6010096B515 /* Debug */,
				C7DBD2412D5EB6010096B515 /* Release */,
			);
			defaultConfigurationIsVisible = 0;
			defaultConfigurationName = Release;
		};
		C7DBD2422D5EB6010096B515 /* Build configuration list for PBXNativeTarget "DeepRoot AlphaUITests" */ = {
			isa = XCConfigurationList;
			buildConfigurations = (
				C7DBD2432D5EB6010096B515 /* Debug */,
				C7DBD2442D5EB6010096B515 /* Release */,
			);
			defaultConfigurationIsVisible = 0;
			defaultConfigurationName = Release;
		};
/* End XCConfigurationList section */
	};
	rootObject = C7DBD2102D5EB6000096B515 /* Project object */;
}
